
Microsoft Visual Studio Solution File, Format Version 12.00
# Visual Studio Version 17
VisualStudioVersion = 17.13.35828.75 d17.13
MinimumVisualStudioVersion = 10.0.40219.1
Project("{FAE04EC0-301F-11D3-BF4B-00C04F79EFBC}") = "BT3_LTMCB", "BT3_LTMCB\BT3_LTMCB.csproj", "{7C8FFFDB-7A92-4CAE-A95C-B0382143D09E}"
EndProject
Global
	GlobalSection(SolutionConfigurationPlatforms) = preSolution
		Debug|Any CPU = Debug|Any CPU
		Release|Any CPU = Release|Any CPU
	EndGlobalSection
	GlobalSection(ProjectConfigurationPlatforms) = postSolution
		{7C8FFFDB-7A92-4CAE-A95C-B0382143D09E}.Debug|Any CPU.ActiveCfg = Debug|Any CPU
		{7C8FFFDB-7A92-4CAE-A95C-B0382143D09E}.Debug|Any CPU.Build.0 = Debug|Any CPU
		{7C8FFFDB-7A92-4CAE-A95C-B0382143D09E}.Release|Any CPU.ActiveCfg = Release|Any CPU
		{7C8FFFDB-7A92-4CAE-A95C-B0382143D09E}.Release|Any CPU.Build.0 = Release|Any CPU
	EndGlobalSection
	GlobalSection(SolutionProperties) = preSolution
		HideSolutionNode = FALSE
	EndGlobalSection
	GlobalSection(ExtensibilityGlobals) = postSolution
		SolutionGuid = {C2BE7B4A-7DF9-419A-BA2B-A86C42E0454B}
	EndGlobalSection
EndGlobal
