
Microsoft Visual Studio Solution File, Format Version 12.00
# Visual Studio Version 17
VisualStudioVersion = 17.13.35828.75
MinimumVisualStudioVersion = 10.0.40219.1
Project("{FAE04EC0-301F-11D3-BF4B-00C04F79EFBC}") = "Exercise2.2", "Exercise2_2\Exercise2.2.csproj", "{30B0A36B-E0B6-D82F-12CB-2B3F42D0A40A}"
EndProject
Project("{FAE04EC0-301F-11D3-BF4B-00C04F79EFBC}") = "Exercise3", "Exercise3\Exercise3.csproj", "{77CB3A1F-6A9F-DDCE-267F-4B4A6A43D031}"
EndProject
Global
	GlobalSection(SolutionConfigurationPlatforms) = preSolution
		Debug|Any CPU = Debug|Any CPU
		Release|Any CPU = Release|Any CPU
	EndGlobalSection
	GlobalSection(ProjectConfigurationPlatforms) = postSolution
		{30B0A36B-E0B6-D82F-12CB-2B3F42D0A40A}.Debug|Any CPU.ActiveCfg = Debug|Any CPU
		{30B0A36B-E0B6-D82F-12CB-2B3F42D0A40A}.Debug|Any CPU.Build.0 = Debug|Any CPU
		{30B0A36B-E0B6-D82F-12CB-2B3F42D0A40A}.Release|Any CPU.ActiveCfg = Release|Any CPU
		{30B0A36B-E0B6-D82F-12CB-2B3F42D0A40A}.Release|Any CPU.Build.0 = Release|Any CPU
		{77CB3A1F-6A9F-DDCE-267F-4B4A6A43D031}.Debug|Any CPU.ActiveCfg = Debug|Any CPU
		{77CB3A1F-6A9F-DDCE-267F-4B4A6A43D031}.Debug|Any CPU.Build.0 = Debug|Any CPU
		{77CB3A1F-6A9F-DDCE-267F-4B4A6A43D031}.Release|Any CPU.ActiveCfg = Release|Any CPU
		{77CB3A1F-6A9F-DDCE-267F-4B4A6A43D031}.Release|Any CPU.Build.0 = Release|Any CPU
	EndGlobalSection
	GlobalSection(SolutionProperties) = preSolution
		HideSolutionNode = FALSE
	EndGlobalSection
	GlobalSection(ExtensibilityGlobals) = postSolution
		SolutionGuid = {C2BE7B4A-7DF9-419A-BA2B-A86C42E0454B}
	EndGlobalSection
EndGlobal
